{
    "name": "@loupeteam/librarybuilderproject",
    "version": "0.2.0",
    "lockfileVersion": 3,
    "requires": true,
    "packages": {
        "": {
            "name": "@loupeteam/librarybuilderproject",
            "version": "0.2.0",
            "license": "MIT",
            "dependencies": {
                "@loupeteam/csvcore": "^0.1.2",
                "@loupeteam/librarybuilderproject": "^0.3.0"
            }
        },
        "node_modules/@loupeteam/csvcore": {
            "version": "0.1.2",
            "resolved": "https://npm.pkg.github.com/download/@loupeteam/csvcore/0.1.2/5d5f4cdd86239edde611e37cbeaf33764dd7e303",
            "integrity": "sha512-Iw6ogFxicR3kQGbKEzV7kz5XyezL5GQ7eAJHkqI6DOhJbKK42JpKxZ5r5hmpGkA48kw90gWLWGSFxEMh1dyBcQ==",
            "license": "Loupe Software License Agreement",
            "dependencies": {
                "@loupeteam/stringext": ">=0.12.1"
            }
        },
        "node_modules/@loupeteam/librarybuilderproject": {
            "version": "0.3.0",
            "resolved": "https://npm.pkg.github.com/download/@loupeteam/librarybuilderproject/0.3.0/9c3c1fc98350439d618573f3b465d94e3ae1e000",
            "integrity": "sha512-kUOwhpPoqQ1DikLGFBH3c8+nsb28ayX2IpQRC0UaEg34cV4GrRoI0FvkSovc3tgrGohpyvxFPRy5C6TM5wj7JA==",
            "license": "MIT"
        },
        "node_modules/@loupeteam/stringext": {
            "version": "0.14.4",
            "resolved": "https://npm.pkg.github.com/download/@loupeteam/stringext/0.14.4/9d7c965dd094afeaf89b9f48c9b882ce798890dc",
            "integrity": "sha512-xYNj2b+SUxIgM5ZvB+BgDL+cqWkaKHAN65GbyNCd1B/SExiqUDO/VMa77/Sk2XlIZdzXj5mXxjwU/zjY97WsMg==",
            "license": "MIT"
        }
    }
}
